
Microsoft Visual Studio Solution File, Format Version 12.00
# Visual Studio Version 16
VisualStudioVersion = 16.0.30413.136
MinimumVisualStudioVersion = 10.0.40219.1
Project("{2150E333-8FDC-42A3-9474-1A3956D46DE8}") = "server", "server", "{7588EAA6-F4AA-4316-B3D3-866A62CBB1EB}"
EndProject
Project("{2150E333-8FDC-42A3-9474-1A3956D46DE8}") = "client", "client", "{6C17B83E-C6A3-43C5-81E1-1D7C7CDA86CB}"
EndProject
Project("{9A19103F-16F7-4668-BE54-9A1E7A4F7556}") = "loginAppRedis", "server\loginAppRedis.csproj", "{E00AAEA6-FA07-4AE6-9CD5-F047B42CB055}"
EndProject
Project("{9A19103F-16F7-4668-BE54-9A1E7A4F7556}") = "ClientCache", "client\ClientCache.csproj", "{4F78EEDC-ACE8-4FB5-BB94-B7C905E56692}"
EndProject
Global
	GlobalSection(SolutionConfigurationPlatforms) = preSolution
		Debug|Any CPU = Debug|Any CPU
		Release|Any CPU = Release|Any CPU
	EndGlobalSection
	GlobalSection(ProjectConfigurationPlatforms) = postSolution
		{E00AAEA6-FA07-4AE6-9CD5-F047B42CB055}.Debug|Any CPU.ActiveCfg = Debug|Any CPU
		{E00AAEA6-FA07-4AE6-9CD5-F047B42CB055}.Debug|Any CPU.Build.0 = Debug|Any CPU
		{E00AAEA6-FA07-4AE6-9CD5-F047B42CB055}.Release|Any CPU.ActiveCfg = Release|Any CPU
		{E00AAEA6-FA07-4AE6-9CD5-F047B42CB055}.Release|Any CPU.Build.0 = Release|Any CPU
		{4F78EEDC-ACE8-4FB5-BB94-B7C905E56692}.Debug|Any CPU.ActiveCfg = Debug|Any CPU
		{4F78EEDC-ACE8-4FB5-BB94-B7C905E56692}.Debug|Any CPU.Build.0 = Debug|Any CPU
		{4F78EEDC-ACE8-4FB5-BB94-B7C905E56692}.Release|Any CPU.ActiveCfg = Release|Any CPU
		{4F78EEDC-ACE8-4FB5-BB94-B7C905E56692}.Release|Any CPU.Build.0 = Release|Any CPU
	EndGlobalSection
	GlobalSection(SolutionProperties) = preSolution
		HideSolutionNode = FALSE
	EndGlobalSection
	GlobalSection(NestedProjects) = preSolution
		{E00AAEA6-FA07-4AE6-9CD5-F047B42CB055} = {7588EAA6-F4AA-4316-B3D3-866A62CBB1EB}
		{4F78EEDC-ACE8-4FB5-BB94-B7C905E56692} = {6C17B83E-C6A3-43C5-81E1-1D7C7CDA86CB}
	EndGlobalSection
	GlobalSection(ExtensibilityGlobals) = postSolution
		SolutionGuid = {D50A15D7-FED8-4965-B33B-ABECF237A91B}
	EndGlobalSection
EndGlobal
